github.com/RossoDiablo/html_link_parser v0.0.0-20221128094227-69d4eba227af h1:IdD7t0o1p5ZiqXLFP8/Cw3YT6sVsuKgUsVoKBO3/Mks=
github.com/RossoDiablo/html_link_parser v0.0.0-20221128094227-69d4eba227af/go.mod h1:NMfRGSahQ2YFdluyyRazhd5ol3FPoqAtZjTfWBHPsqA=
golang.org/x/net v0.2.0 h1:sZfSu1wtKLGlWI4ZZayP0ck9Y73K1ynO6gqzTdBVdPU=
golang.org/x/net v0.2.0/go.mod h1:KqCZLdyyvdV855qA2rE3GC2aiw5xGR5TEjj8smXukLY=
